github.com/agnivade/levenshtein v1.2.1 h1:EHBY3UOn1gwdy/VbFwgo4cxecRznFk7fKWN1KOX7eoM=
github.com/agnivade/levenshtein v1.2.1/go.mod h1:QVVI16kDrtSuwcpd0p1+xMC6Z/VfhtCyDIjcwga4/DU=
github.com/vektah/gqlparser/v2 v2.5.34 h1:MEea5P0qhdcqfBL45ghKE+qr9laidVHTMHjav5h7ckk=
github.com/vektah/gqlparser/v2 v2.5.34/go.mod h1:mFdHLGCio7OGX1fby9ZjTW6FN+qxgmbnBcRIeeScE5s=
golang.org/x/text v0.21.0 h1:zyQAAkrwaneQ066sspRyJaG9VNi/YJ1NfzcGB3hZ/qo=
golang.org/x/text v0.21.0/go.mod h1:4IBbMaMmOPCJ8SecivzSH54+73PCFmPWxNTLm+vZkEQ=
